
Microsoft Visual Studio Solution File, Format Version 12.00
# Visual Studio Version 16
VisualStudioVersion = 16.0.29025.244
MinimumVisualStudioVersion = 10.0.40219.1
Project("{FAE04EC0-301F-11D3-BF4B-00C04F79EFBC}") = "ContosoUniversity", "ContosoUniversity.csproj", "{EF9E047A-5D4C-4B18-8F36-9927000C6C84}"
EndProject
Global
	GlobalSection(SolutionConfigurationPlatforms) = preSolution
		Debug|Any CPU = Debug|Any CPU
		Release|Any CPU = Release|Any CPU
	EndGlobalSection
	GlobalSection(ProjectConfigurationPlatforms) = postSolution
		{EF9E047A-5D4C-4B18-8F36-9927000C6C84}.Debug|Any CPU.ActiveCfg = Debug|Any CPU
		{EF9E047A-5D4C-4B18-8F36-9927000C6C84}.Debug|Any CPU.Build.0 = Debug|Any CPU
		{EF9E047A-5D4C-4B18-8F36-9927000C6C84}.Release|Any CPU.ActiveCfg = Release|Any CPU
		{EF9E047A-5D4C-4B18-8F36-9927000C6C84}.Release|Any CPU.Build.0 = Release|Any CPU
	EndGlobalSection
	GlobalSection(SolutionProperties) = preSolution
		HideSolutionNode = FALSE
	EndGlobalSection
	GlobalSection(ExtensibilityGlobals) = postSolution
		SolutionGuid = {82049368-B771-4C86-8A1E-4A467D16C2B1}
	EndGlobalSection
EndGlobal
